
Microsoft Visual Studio Solution File, Format Version 12.00
# Visual Studio 15
VisualStudioVersion = 15.0.26403.7
MinimumVisualStudioVersion = 10.0.40219.1
Project("{8BC9CEB8-8B4A-11D0-8D11-00A0C91BC942}") = "histogram1", "histogram1.vcxproj", "{349A3F68-33F1-4B09-BF96-2A45280B9627}"
EndProject
Global
	GlobalSection(SolutionConfigurationPlatforms) = preSolution
		Debug|x64 = Debug|x64
		Debug|x86 = Debug|x86
		Release|x64 = Release|x64
		Release|x86 = Release|x86
	EndGlobalSection
	GlobalSection(ProjectConfigurationPlatforms) = postSolution
		{349A3F68-33F1-4B09-BF96-2A45280B9627}.Debug|x64.ActiveCfg = Debug|x64
		{349A3F68-33F1-4B09-BF96-2A45280B9627}.Debug|x64.Build.0 = Debug|x64
		{349A3F68-33F1-4B09-BF96-2A45280B9627}.Debug|x86.ActiveCfg = Debug|Win32
		{349A3F68-33F1-4B09-BF96-2A45280B9627}.Debug|x86.Build.0 = Debug|Win32
		{349A3F68-33F1-4B09-BF96-2A45280B9627}.Release|x64.ActiveCfg = Release|x64
		{349A3F68-33F1-4B09-BF96-2A45280B9627}.Release|x64.Build.0 = Release|x64
		{349A3F68-33F1-4B09-BF96-2A45280B9627}.Release|x86.ActiveCfg = Release|Win32
		{349A3F68-33F1-4B09-BF96-2A45280B9627}.Release|x86.Build.0 = Release|Win32
	EndGlobalSection
	GlobalSection(SolutionProperties) = preSolution
		HideSolutionNode = FALSE
	EndGlobalSection
EndGlobal
